// !$*UTF8*$!
{
	archiveVersion = 1;
	classes = {
	};
	objectVersion = 56;
	objects = {

/* Begin PBXBuildFile section */
		02F1F0F22E5F588B00B529AF /* AppDelegate.swift in Sources */ = {isa = PBXBuildFile; fileRef = 02F1F0F12E5F588B00B529AF /* AppDelegate.swift */; };
		02F1F0F42E5F588B00B529AF /* SceneDelegate.swift in Sources */ = {isa = PBXBuildFile; fileRef = 02F1F0F32E5F588B00B529AF /* SceneDelegate.swift */; };
		02F1F0F62E5F588B00B529AF /* ViewController.swift in Sources */ = {isa = PBXBuildFile; fileRef = 02F1F0F52E5F588B00B529AF /* ViewController.swift */; };
		02F1F0F92E5F588B00B529AF /* Base in Resources */ = {isa = PBXBuildFile; fileRef = 02F1F0F82E5F588B00B529AF /* Base */; };
		02F1F0FB2E5F588E00B529AF /* Assets.xcassets in Resources */ = {isa = PBXBuildFile; fileRef = 02F1F0FA2E5F588E00B529AF /* Assets.xcassets */; };
		02F1F0FE2E5F588E00B529AF /* Base in Resources */ = {isa = PBXBuildFile; fileRef = 02F1F0FD2E5F588E00B529AF /* Base */; };
		02F1F1092E5F588E00B529AF /* DhawalMahajanTaskTests.swift in Sources */ = {isa = PBXBuildFile; fileRef = 02F1F1082E5F588E00B529AF /* DhawalMahajanTaskTests.swift */; };
		02F1F1132E5F588E00B529AF /* DhawalMahajanTaskUITests.swift in Sources */ = {isa = PBXBuildFile; fileRef = 02F1F1122E5F588E00B529AF /* DhawalMahajanTaskUITests.swift */; };
		02F1F1152E5F588E00B529AF /* DhawalMahajanTaskUITestsLaunchTests.swift in Sources */ = {isa = PBXBuildFile; fileRef = 02F1F1142E5F588E00B529AF /* DhawalMahajanTaskUITestsLaunchTests.swift */; };
/* End PBXBuildFile section */

/* Begin PBXContainerItemProxy section */
		02F1F1052E5F588E00B529AF /* PBXContainerItemProxy */ = {
			isa = PBXContainerItemProxy;
			containerPortal = 02F1F0E62E5F588B00B529AF /* Project object */;
			proxyType = 1;
			remoteGlobalIDString = 02F1F0ED2E5F588B00B529AF;
			remoteInfo = DhawalMahajanTask;
		};
		02F1F10F2E5F588E00B529AF /* PBXContainerItemProxy */ = {
			isa = PBXContainerItemProxy;
			containerPortal = 02F1F0E62E5F588B00B529AF /* Project object */;
			proxyType = 1;
			remoteGlobalIDString = 02F1F0ED2E5F588B00B529AF;
			remoteInfo = DhawalMahajanTask;
		};
/* End PBXContainerItemProxy section */

/* Begin PBXFileReference section */
		02F1F0EE2E5F588B00B529AF /* DhawalMahajanTask.app */ = {isa = PBXFileReference; explicitFileType = wrapper.application; includeInIndex = 0; path = DhawalMahajanTask.app; sourceTree = BUILT_PRODUCTS_DIR; };
		02F1F0F12E5F588B00B529AF /* AppDelegate.swift */ = {isa = PBXFileReference; lastKnownFileType = sourcecode.swift; path = AppDelegate.swift; sourceTree = "<group>"; };
		02F1F0F32E5F588B00B529AF /* SceneDelegate.swift */ = {isa = PBXFileReference; lastKnownFileType = sourcecode.swift; path = SceneDelegate.swift; sourceTree = "<group>"; };
		02F1F0F52E5F588B00B529AF /* ViewController.swift */ = {isa = PBXFileReference; lastKnownFileType = sourcecode.swift; path = ViewController.swift; sourceTree = "<group>"; };
		02F1F0F82E5F588B00B529AF /* Base */ = {isa = PBXFileReference; lastKnownFileType = file.storyboard; name = Base; path = Base.lproj/Main.storyboard; sourceTree = "<group>"; };
		02F1F0FA2E5F588E00B529AF /* Assets.xcassets */ = {isa = PBXFileReference; lastKnownFileType = folder.assetcatalog; path = Assets.xcassets; sourceTree = "<group>"; };
		02F1F0FD2E5F588E00B529AF /* Base */ = {isa = PBXFileReference; lastKnownFileType = file.storyboard; name = Base; path = Base.lproj/LaunchScreen.storyboard; sourceTree = "<group>"; };
		02F1F0FF2E5F588E00B529AF /* Info.plist */ = {isa = PBXFileReference; lastKnownFileType = text.plist.xml; path = Info.plist; sourceTree = "<group>"; };
		02F1F1042E5F588E00B529AF /* DhawalMahajanTaskTests.xctest */ = {isa = PBXFileReference; explicitFileType = wrapper.cfbundle; includeInIndex = 0; path = DhawalMahajanTaskTests.xctest; sourceTree = BUILT_PRODUCTS_DIR; };
		02F1F1082E5F588E00B529AF /* DhawalMahajanTaskTests.swift */ = {isa = PBXFileReference; lastKnownFileType = sourcecode.swift; path = DhawalMahajanTaskTests.swift; sourceTree = "<group>"; };
		02F1F10E2E5F588E00B529AF /* DhawalMahajanTaskUITests.xctest */ = {isa = PBXFileReference; explicitFileType = wrapper.cfbundle; includeInIndex = 0; path = DhawalMahajanTaskUITests.xctest; sourceTree = BUILT_PRODUCTS_DIR; };
		02F1F1122E5F588E00B529AF /* DhawalMahajanTaskUITests.swift */ = {isa = PBXFileReference; lastKnownFileType = sourcecode.swift; path = DhawalMahajanTaskUITests.swift; sourceTree = "<group>"; };
		02F1F1142E5F588E00B529AF /* DhawalMahajanTaskUITestsLaunchTests.swift */ = {isa = PBXFileReference; lastKnownFileType = sourcecode.swift; path = DhawalMahajanTaskUITestsLaunchTests.swift; sourceTree = "<group>"; };
/* End PBXFileReference section */

/* Begin PBXFrameworksBuildPhase section */
		02F1F0EB2E5F588B00B529AF /* Frameworks */ = {
			isa = PBXFrameworksBuildPhase;
			buildActionMask = 2147483647;
			files = (
			);
			runOnlyForDeploymentPostprocessing = 0;
		};
		02F1F1012E5F588E00B529AF /* Frameworks */ = {
			isa = PBXFrameworksBuildPhase;
			buildActionMask = 2147483647;
			files = (
			);
			runOnlyForDeploymentPostprocessing = 0;
		};
		02F1F10B2E5F588E00B529AF /* Frameworks */ = {
			isa = PBXFrameworksBuildPhase;
			buildActionMask = 2147483647;
			files = (
			);
			runOnlyForDeploymentPostprocessing = 0;
		};
/* End PBXFrameworksBuildPhase section */

/* Begin PBXGroup section */
		02F1F0E52E5F588B00B529AF = {
			isa = PBXGroup;
			children = (
				02F1F0F02E5F588B00B529AF /* DhawalMahajanTask */,
				02F1F1072E5F588E00B529AF /* DhawalMahajanTaskTests */,
				02F1F1112E5F588E00B529AF /* DhawalMahajanTaskUITests */,
				02F1F0EF2E5F588B00B529AF /* Products */,
			);
			sourceTree = "<group>";
		};
		02F1F0EF2E5F588B00B529AF /* Products */ = {
			isa = PBXGroup;
			children = (
				02F1F0EE2E5F588B00B529AF /* DhawalMahajanTask.app */,
				02F1F1042E5F588E00B529AF /* DhawalMahajanTaskTests.xctest */,
				02F1F10E2E5F588E00B529AF /* DhawalMahajanTaskUITests.xctest */,
			);
			name = Products;
			sourceTree = "<group>";
		};
		02F1F0F02E5F588B00B529AF /* DhawalMahajanTask */ = {
			isa = PBXGroup;
			children = (
				02F1F0F12E5F588B00B529AF /* AppDelegate.swift */,
				02F1F0F32E5F588B00B529AF /* SceneDelegate.swift */,
				02F1F0F52E5F588B00B529AF /* ViewController.swift */,
				02F1F0F72E5F588B00B529AF /* Main.storyboard */,
				02F1F0FA2E5F588E00B529AF /* Assets.xcassets */,
				02F1F0FC2E5F588E00B529AF /* LaunchScreen.storyboard */,
				02F1F0FF2E5F588E00B529AF /* Info.plist */,
			);
			path = DhawalMahajanTask;
			sourceTree = "<group>";
		};
		02F1F1072E5F588E00B529AF /* DhawalMahajanTaskTests */ = {
			isa = PBXGroup;
			children = (
				02F1F1082E5F588E00B529AF /* DhawalMahajanTaskTests.swift */,
			);
			path = DhawalMahajanTaskTests;
			sourceTree = "<group>";
		};
		02F1F1112E5F588E00B529AF /* DhawalMahajanTaskUITests */ = {
			isa = PBXGroup;
			children = (
				02F1F1122E5F588E00B529AF /* DhawalMahajanTaskUITests.swift */,
				02F1F1142E5F588E00B529AF /* DhawalMahajanTaskUITestsLaunchTests.swift */,
			);
			path = DhawalMahajanTaskUITests;
			sourceTree = "<group>";
		};
/* End PBXGroup section */

/* Begin PBXNativeTarget section */
		02F1F0ED2E5F588B00B529AF /* DhawalMahajanTask */ = {
			isa = PBXNativeTarget;
			buildConfigurationList = 02F1F1182E5F588E00B529AF /* Build configuration list for PBXNativeTarget "DhawalMahajanTask" */;
			buildPhases = (
				02F1F0EA2E5F588B00B529AF /* Sources */,
				02F1F0EB2E5F588B00B529AF /* Frameworks */,
				02F1F0EC2E5F588B00B529AF /* Resources */,
			);
			buildRules = (
			);
			dependencies = (
			);
			name = DhawalMahajanTask;
			productName = DhawalMahajanTask;
			productReference = 02F1F0EE2E5F588B00B529AF /* DhawalMahajanTask.app */;
			productType = "com.apple.product-type.application";
		};
		02F1F1032E5F588E00B529AF /* DhawalMahajanTaskTests */ = {
			isa = PBXNativeTarget;
			buildConfigurationList = 02F1F11B2E5F588E00B529AF /* Build configuration list for PBXNativeTarget "DhawalMahajanTaskTests" */;
			buildPhases = (
				02F1F1002E5F588E00B529AF /* Sources */,
				02F1F1012E5F588E00B529AF /* Frameworks */,
				02F1F1022E5F588E00B529AF /* Resources */,
			);
			buildRules = (
			);
			dependencies = (
				02F1F1062E5F588E00B529AF /* PBXTargetDependency */,
			);
			name = DhawalMahajanTaskTests;
			productName = DhawalMahajanTaskTests;
			productReference = 02F1F1042E5F588E00B529AF /* DhawalMahajanTaskTests.xctest */;
			productType = "com.apple.product-type.bundle.unit-test";
		};
		02F1F10D2E5F588E00B529AF /* DhawalMahajanTaskUITests */ = {
			isa = PBXNativeTarget;
			buildConfigurationList = 02F1F11E2E5F588E00B529AF /* Build configuration list for PBXNativeTarget "DhawalMahajanTaskUITests" */;
			buildPhases = (
				02F1F10A2E5F588E00B529AF /* Sources */,
				02F1F10B2E5F588E00B529AF /* Frameworks */,
				02F1F10C2E5F588E00B529AF /* Resources */,
			);
			buildRules = (
			);
			dependencies = (
				02F1F1102E5F588E00B529AF /* PBXTargetDependency */,
			);
			name = DhawalMahajanTaskUITests;
			productName = DhawalMahajanTaskUITests;
			productReference = 02F1F10E2E5F588E00B529AF /* DhawalMahajanTaskUITests.xctest */;
			productType = "com.apple.product-type.bundle.ui-testing";
		};
/* End PBXNativeTarget section */

/* Begin PBXProject section */
		02F1F0E62E5F588B00B529AF /* Project object */ = {
			isa = PBXProject;
			attributes = {
				BuildIndependentTargetsInParallel = 1;
				LastSwiftUpdateCheck = 1540;
				LastUpgradeCheck = 1540;
				TargetAttributes = {
					02F1F0ED2E5F588B00B529AF = {
						CreatedOnToolsVersion = 15.4;
					};
					02F1F1032E5F588E00B529AF = {
						CreatedOnToolsVersion = 15.4;
						TestTargetID = 02F1F0ED2E5F588B00B529AF;
					};
					02F1F10D2E5F588E00B529AF = {
						CreatedOnToolsVersion = 15.4;
						TestTargetID = 02F1F0ED2E5F588B00B529AF;
					};
				};
			};
			buildConfigurationList = 02F1F0E92E5F588B00B529AF /* Build configuration list for PBXProject "DhawalMahajanTask" */;
			compatibilityVersion = "Xcode 14.0";
			developmentRegion = en;
			hasScannedForEncodings = 0;
			knownRegions = (
				en,
				Base,
			);
			mainGroup = 02F1F0E52E5F588B00B529AF;
			productRefGroup = 02F1F0EF2E5F588B00B529AF /* Products */;
			projectDirPath = "";
			projectRoot = "";
			targets = (
				02F1F0ED2E5F588B00B529AF /* DhawalMahajanTask */,
				02F1F1032E5F588E00B529AF /* DhawalMahajanTaskTests */,
				02F1F10D2E5F588E00B529AF /* DhawalMahajanTaskUITests */,
			);
		};
/* End PBXProject section */

/* Begin PBXResourcesBuildPhase section */
		02F1F0EC2E5F588B00B529AF /* Resources */ = {
			isa = PBXResourcesBuildPhase;
			buildActionMask = 2147483647;
			files = (
				02F1F0FB2E5F588E00B529AF /* Assets.xcassets in Resources */,
				02F1F0FE2E5F588E00B529AF /* Base in Resources */,
				02F1F0F92E5F588B00B529AF /* Base in Resources */,
			);
			runOnlyForDeploymentPostprocessing = 0;
		};
		02F1F1022E5F588E00B529AF /* Resources */ = {
			isa = PBXResourcesBuildPhase;
			buildActionMask = 2147483647;
			files = (
			);
			runOnlyForDeploymentPostprocessing = 0;
		};
		02F1F10C2E5F588E00B529AF /* Resources */ = {
			isa = PBXResourcesBuildPhase;
			buildActionMask = 2147483647;
			files = (
			);
			runOnlyForDeploymentPostprocessing = 0;
		};
/* End PBXResourcesBuildPhase section */

/* Begin PBXSourcesBuildPhase section */
		02F1F0EA2E5F588B00B529AF /* Sources */ = {
			isa = PBXSourcesBuildPhase;
			buildActionMask = 2147483647;
			files = (
				02F1F0F62E5F588B00B529AF /* ViewController.swift in Sources */,
				02F1F0F22E5F588B00B529AF /* AppDelegate.swift in Sources */,
				02F1F0F42E5F588B00B529AF /* SceneDelegate.swift in Sources */,
			);
			runOnlyForDeploymentPostprocessing = 0;
		};
		02F1F1002E5F588E00B529AF /* Sources */ = {
			isa = PBXSourcesBuildPhase;
			buildActionMask = 2147483647;
			files = (
				02F1F1092E5F588E00B529AF /* DhawalMahajanTaskTests.swift in Sources */,
			);
			runOnlyForDeploymentPostprocessing = 0;
		};
		02F1F10A2E5F588E00B529AF /* Sources */ = {
			isa = PBXSourcesBuildPhase;
			buildActionMask = 2147483647;
			files = (
				02F1F1132E5F588E00B529AF /* DhawalMahajanTaskUITests.swift in Sources */,
				02F1F1152E5F588E00B529AF /* DhawalMahajanTaskUITestsLaunchTests.swift in Sources */,
			);
			runOnlyForDeploymentPostprocessing = 0;
		};
/* End PBXSourcesBuildPhase section */

/* Begin PBXTargetDependency section */
		02F1F1062E5F588E00B529AF /* PBXTargetDependency */ = {
			isa = PBXTargetDependency;
			target = 02F1F0ED2E5F588B00B529AF /* DhawalMahajanTask */;
			targetProxy = 02F1F1052E5F588E00B529AF /* PBXContainerItemProxy */;
		};
		02F1F1102E5F588E00B529AF /* PBXTargetDependency */ = {
			isa = PBXTargetDependency;
			target = 02F1F0ED2E5F588B00B529AF /* DhawalMahajanTask */;
			targetProxy = 02F1F10F2E5F588E00B529AF /* PBXContainerItemProxy */;
		};
/* End PBXTargetDependency section */

/* Begin PBXVariantGroup section */
		02F1F0F72E5F588B00B529AF /* Main.storyboard */ = {
			isa = PBXVariantGroup;
			children = (
				02F1F0F82E5F588B00B529AF /* Base */,
			);
			name = Main.storyboard;
			sourceTree = "<group>";
		};
		02F1F0FC2E5F588E00B529AF /* LaunchScreen.storyboard */ = {
			isa = PBXVariantGroup;
			children = (
				02F1F0FD2E5F588E00B529AF /* Base */,
			);
			name = LaunchScreen.storyboard;
			sourceTree = "<group>";
		};
/* End PBXVariantGroup section */

/* Begin XCBuildConfiguration section */
		02F1F1162E5F588E00B529AF /* Debug */ = {
			isa = XCBuildConfiguration;
			buildSettings = {
				ALWAYS_SEARCH_USER_PATHS = NO;
				ASSETCATALOG_COMPILER_GENERATE_SWIFT_ASSET_SYMBOL_EXTENSIONS = YES;
				CLANG_ANALYZER_NONNULL = YES;
				CLANG_ANALYZER_NUMBER_OBJECT_CONVERSION = YES_AGGRESSIVE;
				CLANG_CXX_LANGUAGE_STANDARD = "gnu++20";
				CLANG_ENABLE_MODULES = YES;
				CLANG_ENABLE_OBJC_ARC = YES;
				CLANG_ENABLE_OBJC_WEAK = YES;
				CLANG_WARN_BLOCK_CAPTURE_AUTORELEASING = YES;
				CLANG_WARN_BOOL_CONVERSION = YES;
				CLANG_WARN_COMMA = YES;
				CLANG_WARN_CONSTANT_CONVERSION = YES;
				CLANG_WARN_DEPRECATED_OBJC_IMPLEMENTATIONS = YES;
				CLANG_WARN_DIRECT_OBJC_ISA_USAGE = YES_ERROR;
				CLANG_WARN_DOCUMENTATION_COMMENTS = YES;
				CLANG_WARN_EMPTY_BODY = YES;
				CLANG_WARN_ENUM_CONVERSION = YES;
				CLANG_WARN_INFINITE_RECURSION = YES;
				CLANG_WARN_INT_CONVERSION = YES;
				CLANG_WARN_NON_LITERAL_NULL_CONVERSION = YES;
				CLANG_WARN_OBJC_IMPLICIT_RETAIN_SELF = YES;
				CLANG_WARN_OBJC_LITERAL_CONVERSION = YES;
				CLANG_WARN_OBJC_ROOT_CLASS = YES_ERROR;
				CLANG_WARN_QUOTED_INCLUDE_IN_FRAMEWORK_HEADER = YES;
				CLANG_WARN_RANGE_LOOP_ANALYSIS = YES;
				CLANG_WARN_STRICT_PROTOTYPES = YES;
				CLANG_WARN_SUSPICIOUS_MOVE = YES;
				CLANG_WARN_UNGUARDED_AVAILABILITY = YES_AGGRESSIVE;
				CLANG_WARN_UNREACHABLE_CODE = YES;
				CLANG_WARN__DUPLICATE_METHOD_MATCH = YES;
				COPY_PHASE_STRIP = NO;
				DEBUG_INFORMATION_FORMAT = dwarf;
				ENABLE_STRICT_OBJC_MSGSEND = YES;
				ENABLE_TESTABILITY = YES;
				ENABLE_USER_SCRIPT_SANDBOXING = YES;
				GCC_C_LANGUAGE_STANDARD = gnu17;
				GCC_DYNAMIC_NO_PIC = NO;
				GCC_NO_COMMON_BLOCKS = YES;
				GCC_OPTIMIZATION_LEVEL = 0;
				GCC_PREPROCESSOR_DEFINITIONS = (
					"DEBUG=1",
					"$(inherited)",
				);
				GCC_WARN_64_TO_32_BIT_CONVERSION = YES;
				GCC_WARN_ABOUT_RETURN_TYPE = YES_ERROR;
				GCC_WARN_UNDECLARED_SELECTOR = YES;
				GCC_WARN_UNINITIALIZED_AUTOS = YES_AGGRESSIVE;
				GCC_WARN_UNUSED_FUNCTION = YES;
				GCC_WARN_UNUSED_VARIABLE = YES;
				IPHONEOS_DEPLOYMENT_TARGET = 17.5;
				LOCALIZATION_PREFERS_STRING_CATALOGS = YES;
				MTL_ENABLE_DEBUG_INFO = INCLUDE_SOURCE;
				MTL_FAST_MATH = YES;
				ONLY_ACTIVE_ARCH = YES;
				SDKROOT = iphoneos;
				SWIFT_ACTIVE_COMPILATION_CONDITIONS = "DEBUG $(inherited)";
				SWIFT_OPTIMIZATION_LEVEL = "-Onone";
			};
			name = Debug;
		};
		02F1F1172E5F588E00B529AF /* Release */ = {
			isa = XCBuildConfiguration;
			buildSettings = {
				ALWAYS_SEARCH_USER_PATHS = NO;
				ASSETCATALOG_COMPILER_GENERATE_SWIFT_ASSET_SYMBOL_EXTENSIONS = YES;
				CLANG_ANALYZER_NONNULL = YES;
				CLANG_ANALYZER_NUMBER_OBJECT_CONVERSION = YES_AGGRESSIVE;
				CLANG_CXX_LANGUAGE_STANDARD = "gnu++20";
				CLANG_ENABLE_MODULES = YES;
				CLANG_ENABLE_OBJC_ARC = YES;
				CLANG_ENABLE_OBJC_WEAK = YES;
				CLANG_WARN_BLOCK_CAPTURE_AUTORELEASING = YES;
				CLANG_WARN_BOOL_CONVERSION = YES;
				CLANG_WARN_COMMA = YES;
				CLANG_WARN_CONSTANT_CONVERSION = YES;
				CLANG_WARN_DEPRECATED_OBJC_IMPLEMENTATIONS = YES;
				CLANG_WARN_DIRECT_OBJC_ISA_USAGE = YES_ERROR;
				CLANG_WARN_DOCUMENTATION_COMMENTS = YES;
				CLANG_WARN_EMPTY_BODY = YES;
				CLANG_WARN_ENUM_CONVERSION = YES;
				CLANG_WARN_INFINITE_RECURSION = YES;
				CLANG_WARN_INT_CONVERSION = YES;
				CLANG_WARN_NON_LITERAL_NULL_CONVERSION = YES;
				CLANG_WARN_OBJC_IMPLICIT_RETAIN_SELF = YES;
				CLANG_WARN_OBJC_LITERAL_CONVERSION = YES;
				CLANG_WARN_OBJC_ROOT_CLASS = YES_ERROR;
				CLANG_WARN_QUOTED_INCLUDE_IN_FRAMEWORK_HEADER = YES;
				CLANG_WARN_RANGE_LOOP_ANALYSIS = YES;
				CLANG_WARN_STRICT_PROTOTYPES = YES;
				CLANG_WARN_SUSPICIOUS_MOVE = YES;
				CLANG_WARN_UNGUARDED_AVAILABILITY = YES_AGGRESSIVE;
				CLANG_WARN_UNREACHABLE_CODE = YES;
				CLANG_WARN__DUPLICATE_METHOD_MATCH = YES;
				COPY_PHASE_STRIP = NO;
				DEBUG_INFORMATION_FORMAT = "dwarf-with-dsym";
				ENABLE_NS_ASSERTIONS = NO;
				ENABLE_STRICT_OBJC_MSGSEND = YES;
				ENABLE_USER_SCRIPT_SANDBOXING = YES;
				GCC_C_LANGUAGE_STANDARD = gnu17;
				GCC_NO_COMMON_BLOCKS = YES;
				GCC_WARN_64_TO_32_BIT_CONVERSION = YES;
				GCC_WARN_ABOUT_RETURN_TYPE = YES_ERROR;
				GCC_WARN_UNDECLARED_SELECTOR = YES;
				GCC_WARN_UNINITIALIZED_AUTOS = YES_AGGRESSIVE;
				GCC_WARN_UNUSED_FUNCTION = YES;
				GCC_WARN_UNUSED_VARIABLE = YES;
				IPHONEOS_DEPLOYMENT_TARGET = 17.5;
				LOCALIZATION_PREFERS_STRING_CATALOGS = YES;
				MTL_ENABLE_DEBUG_INFO = NO;
				MTL_FAST_MATH = YES;
				SDKROOT = iphoneos;
				SWIFT_COMPILATION_MODE = wholemodule;
				VALIDATE_PRODUCT = YES;
			};
			name = Release;
		};
		02F1F1192E5F588E00B529AF /* Debug */ = {
			isa = XCBuildConfiguration;
			buildSettings = {
				ASSETCATALOG_COMPILER_APPICON_NAME = AppIcon;
				ASSETCATALOG_COMPILER_GLOBAL_ACCENT_COLOR_NAME = AccentColor;
				CODE_SIGN_STYLE = Automatic;
				CURRENT_PROJECT_VERSION = 1;
				DEVELOPMENT_TEAM = 83R323ZA68;
				GENERATE_INFOPLIST_FILE = YES;
				INFOPLIST_FILE = DhawalMahajanTask/Info.plist;
				INFOPLIST_KEY_UIApplicationSupportsIndirectInputEvents = YES;
				INFOPLIST_KEY_UILaunchStoryboardName = LaunchScreen;
				INFOPLIST_KEY_UIMainStoryboardFile = Main;
				INFOPLIST_KEY_UISupportedInterfaceOrientations_iPad = "UIInterfaceOrientationPortrait UIInterfaceOrientationPortraitUpsideDown UIInterfaceOrientationLandscapeLeft UIInterfaceOrientationLandscapeRight";
				INFOPLIST_KEY_UISupportedInterfaceOrientations_iPhone = "UIInterfaceOrientationPortrait UIInterfaceOrientationLandscapeLeft UIInterfaceOrientationLandscapeRight";
				LD_RUNPATH_SEARCH_PATHS = (
					"$(inherited)",
					"@executable_path/Frameworks",
				);
				MARKETING_VERSION = 1.0;
				PRODUCT_BUNDLE_IDENTIFIER = com.725f3f561da56c08.DhawalMahajanTask;
				PRODUCT_NAME = "$(TARGET_NAME)";
				SWIFT_EMIT_LOC_STRINGS = YES;
				SWIFT_VERSION = 5.0;
				TARGETED_DEVICE_FAMILY = "1,2";
			};
			name = Debug;
		};
		02F1F11A2E5F588E00B529AF /* Release */ = {
			isa = XCBuildConfiguration;
			buildSettings = {
				ASSETCATALOG_COMPILER_APPICON_NAME = AppIcon;
				ASSETCATALOG_COMPILER_GLOBAL_ACCENT_COLOR_NAME = AccentColor;
				CODE_SIGN_STYLE = Automatic;
				CURRENT_PROJECT_VERSION = 1;
				DEVELOPMENT_TEAM = 83R323ZA68;
				GENERATE_INFOPLIST_FILE = YES;
				INFOPLIST_FILE = DhawalMahajanTask/Info.plist;
				INFOPLIST_KEY_UIApplicationSupportsIndirectInputEvents = YES;
				INFOPLIST_KEY_UILaunchStoryboardName = LaunchScreen;
				INFOPLIST_KEY_UIMainStoryboardFile = Main;
				INFOPLIST_KEY_UISupportedInterfaceOrientations_iPad = "UIInterfaceOrientationPortrait UIInterfaceOrientationPortraitUpsideDown UIInterfaceOrientationLandscapeLeft UIInterfaceOrientationLandscapeRight";
				INFOPLIST_KEY_UISupportedInterfaceOrientations_iPhone = "UIInterfaceOrientationPortrait UIInterfaceOrientationLandscapeLeft UIInterfaceOrientationLandscapeRight";
				LD_RUNPATH_SEARCH_PATHS = (
					"$(inherited)",
					"@executable_path/Frameworks",
				);
				MARKETING_VERSION = 1.0;
				PRODUCT_BUNDLE_IDENTIFIER = com.725f3f561da56c08.DhawalMahajanTask;
				PRODUCT_NAME = "$(TARGET_NAME)";
				SWIFT_EMIT_LOC_STRINGS = YES;
				SWIFT_VERSION = 5.0;
				TARGETED_DEVICE_FAMILY = "1,2";
			};
			name = Release;
		};
		02F1F11C2E5F588E00B529AF /* Debug */ = {
			isa = XCBuildConfiguration;
			buildSettings = {
				ALWAYS_EMBED_SWIFT_STANDARD_LIBRARIES = YES;
				BUNDLE_LOADER = "$(TEST_HOST)";
				CODE_SIGN_STYLE = Automatic;
				CURRENT_PROJECT_VERSION = 1;
				DEVELOPMENT_TEAM = 83R323ZA68;
				GENERATE_INFOPLIST_FILE = YES;
				IPHONEOS_DEPLOYMENT_TARGET = 17.5;
				MARKETING_VERSION = 1.0;
				PRODUCT_BUNDLE_IDENTIFIER = com.725f3f561da56c08.DhawalMahajanTaskTests;
				PRODUCT_NAME = "$(TARGET_NAME)";
				SWIFT_EMIT_LOC_STRINGS = NO;
				SWIFT_VERSION = 5.0;
				TARGETED_DEVICE_FAMILY = "1,2";
				TEST_HOST = "$(BUILT_PRODUCTS_DIR)/DhawalMahajanTask.app/$(BUNDLE_EXECUTABLE_FOLDER_PATH)/DhawalMahajanTask";
			};
			name = Debug;
		};
		02F1F11D2E5F588E00B529AF /* Release */ = {
			isa = XCBuildConfiguration;
			buildSettings = {
				ALWAYS_EMBED_SWIFT_STANDARD_LIBRARIES = YES;
				BUNDLE_LOADER = "$(TEST_HOST)";
				CODE_SIGN_STYLE = Automatic;
				CURRENT_PROJECT_VERSION = 1;
				DEVELOPMENT_TEAM = 83R323ZA68;
				GENERATE_INFOPLIST_FILE = YES;
				IPHONEOS_DEPLOYMENT_TARGET = 17.5;
				MARKETING_VERSION = 1.0;
				PRODUCT_BUNDLE_IDENTIFIER = com.725f3f561da56c08.DhawalMahajanTaskTests;
				PRODUCT_NAME = "$(TARGET_NAME)";
				SWIFT_EMIT_LOC_STRINGS = NO;
				SWIFT_VERSION = 5.0;
				TARGETED_DEVICE_FAMILY = "1,2";
				TEST_HOST = "$(BUILT_PRODUCTS_DIR)/DhawalMahajanTask.app/$(BUNDLE_EXECUTABLE_FOLDER_PATH)/DhawalMahajanTask";
			};
			name = Release;
		};
		02F1F11F2E5F588E00B529AF /* Debug */ = {
			isa = XCBuildConfiguration;
			buildSettings = {
				ALWAYS_EMBED_SWIFT_STANDARD_LIBRARIES = YES;
				CODE_SIGN_STYLE = Automatic;
				CURRENT_PROJECT_VERSION = 1;
				DEVELOPMENT_TEAM = 83R323ZA68;
				GENERATE_INFOPLIST_FILE = YES;
				MARKETING_VERSION = 1.0;
				PRODUCT_BUNDLE_IDENTIFIER = com.725f3f561da56c08.DhawalMahajanTaskUITests;
				PRODUCT_NAME = "$(TARGET_NAME)";
				SWIFT_EMIT_LOC_STRINGS = NO;
				SWIFT_VERSION = 5.0;
				TARGETED_DEVICE_FAMILY = "1,2";
				TEST_TARGET_NAME = DhawalMahajanTask;
			};
			name = Debug;
		};
		02F1F1202E5F588E00B529AF /* Release */ = {
			isa = XCBuildConfiguration;
			buildSettings = {
				ALWAYS_EMBED_SWIFT_STANDARD_LIBRARIES = YES;
				CODE_SIGN_STYLE = Automatic;
				CURRENT_PROJECT_VERSION = 1;
				DEVELOPMENT_TEAM = 83R323ZA68;
				GENERATE_INFOPLIST_FILE = YES;
				MARKETING_VERSION = 1.0;
				PRODUCT_BUNDLE_IDENTIFIER = com.725f3f561da56c08.DhawalMahajanTaskUITests;
				PRODUCT_NAME = "$(TARGET_NAME)";
				SWIFT_EMIT_LOC_STRINGS = NO;
				SWIFT_VERSION = 5.0;
				TARGETED_DEVICE_FAMILY = "1,2";
				TEST_TARGET_NAME = DhawalMahajanTask;
			};
			name = Release;
		};
/* End XCBuildConfiguration section */

/* Begin XCConfigurationList section */
		02F1F0E92E5F588B00B529AF /* Build configuration list for PBXProject "DhawalMahajanTask" */ = {
			isa = XCConfigurationList;
			buildConfigurations = (
				02F1F1162E5F588E00B529AF /* Debug */,
				02F1F1172E5F588E00B529AF /* Release */,
			);
			defaultConfigurationIsVisible = 0;
			defaultConfigurationName = Release;
		};
		02F1F1182E5F588E00B529AF /* Build configuration list for PBXNativeTarget "DhawalMahajanTask" */ = {
			isa = XCConfigurationList;
			buildConfigurations = (
				02F1F1192E5F588E00B529AF /* Debug */,
				02F1F11A2E5F588E00B529AF /* Release */,
			);
			defaultConfigurationIsVisible = 0;
			defaultConfigurationName = Release;
		};
		02F1F11B2E5F588E00B529AF /* Build configuration list for PBXNativeTarget "DhawalMahajanTaskTests" */ = {
			isa = XCConfigurationList;
			buildConfigurations = (
				02F1F11C2E5F588E00B529AF /* Debug */,
				02F1F11D2E5F588E00B529AF /* Release */,
			);
			defaultConfigurationIsVisible = 0;
			defaultConfigurationName = Release;
		};
		02F1F11E2E5F588E00B529AF /* Build configuration list for PBXNativeTarget "DhawalMahajanTaskUITests" */ = {
			isa = XCConfigurationList;
			buildConfigurations = (
				02F1F11F2E5F588E00B529AF /* Debug */,
				02F1F1202E5F588E00B529AF /* Release */,
			);
			defaultConfigurationIsVisible = 0;
			defaultConfigurationName = Release;
		};
/* End XCConfigurationList section */
	};
	rootObject = 02F1F0E62E5F588B00B529AF /* Project object */;
}
